
Microsoft Visual Studio Solution File, Format Version 12.00
# Visual Studio Version 17
VisualStudioVersion = 17.11.35327.3
MinimumVisualStudioVersion = 10.0.40219.1
Project("{9A19103F-16F7-4668-BE54-9A1E7A4F7556}") = "AvaloniaApplication1", "AvaloniaApplication1.csproj", "{00DC5247-F603-422D-B4E2-EB56EF56B82E}"
EndProject
Project("{9A19103F-16F7-4668-BE54-9A1E7A4F7556}") = "AvaloniaApplication1.Desktop", "..\AvaloniaApplication1.Desktop\AvaloniaApplication1.Desktop.csproj", "{DA731A26-3761-4FFD-8A85-5031E34C4743}"
EndProject
Global
	GlobalSection(SolutionConfigurationPlatforms) = preSolution
		Debug|Any CPU = Debug|Any CPU
		Release|Any CPU = Release|Any CPU
	EndGlobalSection
	GlobalSection(ProjectConfigurationPlatforms) = postSolution
		{00DC5247-F603-422D-B4E2-EB56EF56B82E}.Debug|Any CPU.ActiveCfg = Debug|Any CPU
		{00DC5247-F603-422D-B4E2-EB56EF56B82E}.Debug|Any CPU.Build.0 = Debug|Any CPU
		{00DC5247-F603-422D-B4E2-EB56EF56B82E}.Release|Any CPU.ActiveCfg = Release|Any CPU
		{00DC5247-F603-422D-B4E2-EB56EF56B82E}.Release|Any CPU.Build.0 = Release|Any CPU
		{DA731A26-3761-4FFD-8A85-5031E34C4743}.Debug|Any CPU.ActiveCfg = Debug|Any CPU
		{DA731A26-3761-4FFD-8A85-5031E34C4743}.Debug|Any CPU.Build.0 = Debug|Any CPU
		{DA731A26-3761-4FFD-8A85-5031E34C4743}.Release|Any CPU.ActiveCfg = Release|Any CPU
		{DA731A26-3761-4FFD-8A85-5031E34C4743}.Release|Any CPU.Build.0 = Release|Any CPU
	EndGlobalSection
	GlobalSection(SolutionProperties) = preSolution
		HideSolutionNode = FALSE
	EndGlobalSection
	GlobalSection(ExtensibilityGlobals) = postSolution
		SolutionGuid = {F3184BC1-8B22-4E58-BC5B-2D2CB2DBF9BC}
	EndGlobalSection
EndGlobal
